
Microsoft Visual Studio Solution File, Format Version 12.00
# Visual Studio Version 17
VisualStudioVersion = 17.14.36518.9 d17.14
MinimumVisualStudioVersion = 10.0.40219.1
Project("{FAE04EC0-301F-11D3-BF4B-00C04F79EFBC}") = "Projeto7", "Projeto7.csproj", "{69C3D651-14C4-9EBF-DF66-9363C9B750B1}"
EndProject
Global
	GlobalSection(SolutionConfigurationPlatforms) = preSolution
		Debug|Any CPU = Debug|Any CPU
		Release|Any CPU = Release|Any CPU
	EndGlobalSection
	GlobalSection(ProjectConfigurationPlatforms) = postSolution
		{69C3D651-14C4-9EBF-DF66-9363C9B750B1}.Debug|Any CPU.ActiveCfg = Debug|Any CPU
		{69C3D651-14C4-9EBF-DF66-9363C9B750B1}.Debug|Any CPU.Build.0 = Debug|Any CPU
		{69C3D651-14C4-9EBF-DF66-9363C9B750B1}.Release|Any CPU.ActiveCfg = Release|Any CPU
		{69C3D651-14C4-9EBF-DF66-9363C9B750B1}.Release|Any CPU.Build.0 = Release|Any CPU
	EndGlobalSection
	GlobalSection(SolutionProperties) = preSolution
		HideSolutionNode = FALSE
	EndGlobalSection
	GlobalSection(ExtensibilityGlobals) = postSolution
		SolutionGuid = {7157076B-7F6A-4CF8-A4B5-1849D9EE84FB}
	EndGlobalSection
EndGlobal
