
Microsoft Visual Studio Solution File, Format Version 12.00
# Visual Studio Version 17
VisualStudioVersion = 17.14.36518.9 d17.14
MinimumVisualStudioVersion = 10.0.40219.1
Project("{FAE04EC0-301F-11D3-BF4B-00C04F79EFBC}") = "PrimeiroProjeto", "PrimeiroProjeto\PrimeiroProjeto.csproj", "{3B56FEF5-0A22-4356-B56F-9C650458C698}"
EndProject
Global
	GlobalSection(SolutionConfigurationPlatforms) = preSolution
		Debug|Any CPU = Debug|Any CPU
		Release|Any CPU = Release|Any CPU
	EndGlobalSection
	GlobalSection(ProjectConfigurationPlatforms) = postSolution
		{3B56FEF5-0A22-4356-B56F-9C650458C698}.Debug|Any CPU.ActiveCfg = Debug|Any CPU
		{3B56FEF5-0A22-4356-B56F-9C650458C698}.Debug|Any CPU.Build.0 = Debug|Any CPU
		{3B56FEF5-0A22-4356-B56F-9C650458C698}.Release|Any CPU.ActiveCfg = Release|Any CPU
		{3B56FEF5-0A22-4356-B56F-9C650458C698}.Release|Any CPU.Build.0 = Release|Any CPU
	EndGlobalSection
	GlobalSection(SolutionProperties) = preSolution
		HideSolutionNode = FALSE
	EndGlobalSection
	GlobalSection(ExtensibilityGlobals) = postSolution
		SolutionGuid = {EE885F26-C723-451E-A5ED-4F363C00FD30}
	EndGlobalSection
EndGlobal
